
Microsoft Visual Studio Solution File, Format Version 12.00
# Visual Studio Version 17
VisualStudioVersion = 17.9.34701.34
MinimumVisualStudioVersion = 10.0.40219.1
Project("{FAE04EC0-301F-11D3-BF4B-00C04F79EFBC}") = "PremierLeague.Repositories", "PremierLeague.Repositories.csproj", "{2CD52C54-CBBA-4257-B923-DB93774472F4}"
EndProject
Project("{FAE04EC0-301F-11D3-BF4B-00C04F79EFBC}") = "PremierLeague.Services", "..\PremierLeague.Services\PremierLeague.Services.csproj", "{C68DD0EF-A981-4B80-8FFC-B854CF0D3A17}"
EndProject
Project("{FAE04EC0-301F-11D3-BF4B-00C04F79EFBC}") = "PremierLeague.WebApplication", "..\PremierLeague.WebApplication\PremierLeague.WebApplication.csproj", "{87DC4659-076A-45C6-92E4-CBCDEC629ADA}"
EndProject
Global
	GlobalSection(SolutionConfigurationPlatforms) = preSolution
		Debug|Any CPU = Debug|Any CPU
		Release|Any CPU = Release|Any CPU
	EndGlobalSection
	GlobalSection(ProjectConfigurationPlatforms) = postSolution
		{2CD52C54-CBBA-4257-B923-DB93774472F4}.Debug|Any CPU.ActiveCfg = Debug|Any CPU
		{2CD52C54-CBBA-4257-B923-DB93774472F4}.Debug|Any CPU.Build.0 = Debug|Any CPU
		{2CD52C54-CBBA-4257-B923-DB93774472F4}.Release|Any CPU.ActiveCfg = Release|Any CPU
		{2CD52C54-CBBA-4257-B923-DB93774472F4}.Release|Any CPU.Build.0 = Release|Any CPU
		{C68DD0EF-A981-4B80-8FFC-B854CF0D3A17}.Debug|Any CPU.ActiveCfg = Debug|Any CPU
		{C68DD0EF-A981-4B80-8FFC-B854CF0D3A17}.Debug|Any CPU.Build.0 = Debug|Any CPU
		{C68DD0EF-A981-4B80-8FFC-B854CF0D3A17}.Release|Any CPU.ActiveCfg = Release|Any CPU
		{C68DD0EF-A981-4B80-8FFC-B854CF0D3A17}.Release|Any CPU.Build.0 = Release|Any CPU
		{87DC4659-076A-45C6-92E4-CBCDEC629ADA}.Debug|Any CPU.ActiveCfg = Debug|Any CPU
		{87DC4659-076A-45C6-92E4-CBCDEC629ADA}.Debug|Any CPU.Build.0 = Debug|Any CPU
		{87DC4659-076A-45C6-92E4-CBCDEC629ADA}.Release|Any CPU.ActiveCfg = Release|Any CPU
		{87DC4659-076A-45C6-92E4-CBCDEC629ADA}.Release|Any CPU.Build.0 = Release|Any CPU
	EndGlobalSection
	GlobalSection(SolutionProperties) = preSolution
		HideSolutionNode = FALSE
	EndGlobalSection
	GlobalSection(ExtensibilityGlobals) = postSolution
		SolutionGuid = {3AA0CF69-D47E-4109-A186-AA94C63E2063}
	EndGlobalSection
EndGlobal
